
Microsoft Visual Studio Solution File, Format Version 12.00
# Visual Studio Version 17
VisualStudioVersion = 17.10.35122.118
MinimumVisualStudioVersion = 10.0.40219.1
Project("{9A19103F-16F7-4668-BE54-9A1E7A4F7556}") = "VSeleniumAutomation", "VSeleniumAutomation\VSeleniumAutomation.csproj", "{5E2D7F93-E530-4176-BC13-FDF4701C8365}"
EndProject
Project("{FAE04EC0-301F-11D3-BF4B-00C04F79EFBC}") = "UIAutomation", "UIAutomation\UIAutomation.csproj", "{14CDF5D2-F55B-4D59-9AA7-C1730FE54E04}"
EndProject
Global
	GlobalSection(SolutionConfigurationPlatforms) = preSolution
		Debug|Any CPU = Debug|Any CPU
		Release|Any CPU = Release|Any CPU
	EndGlobalSection
	GlobalSection(ProjectConfigurationPlatforms) = postSolution
		{5E2D7F93-E530-4176-BC13-FDF4701C8365}.Debug|Any CPU.ActiveCfg = Debug|Any CPU
		{5E2D7F93-E530-4176-BC13-FDF4701C8365}.Debug|Any CPU.Build.0 = Debug|Any CPU
		{5E2D7F93-E530-4176-BC13-FDF4701C8365}.Release|Any CPU.ActiveCfg = Release|Any CPU
		{5E2D7F93-E530-4176-BC13-FDF4701C8365}.Release|Any CPU.Build.0 = Release|Any CPU
		{14CDF5D2-F55B-4D59-9AA7-C1730FE54E04}.Debug|Any CPU.ActiveCfg = Debug|Any CPU
		{14CDF5D2-F55B-4D59-9AA7-C1730FE54E04}.Debug|Any CPU.Build.0 = Debug|Any CPU
		{14CDF5D2-F55B-4D59-9AA7-C1730FE54E04}.Release|Any CPU.ActiveCfg = Release|Any CPU
		{14CDF5D2-F55B-4D59-9AA7-C1730FE54E04}.Release|Any CPU.Build.0 = Release|Any CPU
	EndGlobalSection
	GlobalSection(SolutionProperties) = preSolution
		HideSolutionNode = FALSE
	EndGlobalSection
	GlobalSection(ExtensibilityGlobals) = postSolution
		SolutionGuid = {BA60FA82-64B1-4E06-8C9A-BC54C9C561A2}
	EndGlobalSection
EndGlobal
